
Microsoft Visual Studio Solution File, Format Version 12.00
# Visual Studio 15
VisualStudioVersion = 15.0.27428.2002
MinimumVisualStudioVersion = 10.0.40219.1
Project("{9A19103F-16F7-4668-BE54-9A1E7A4F7556}") = "TruyenTranhApp", "TruyenTranhApp\TruyenTranhApp.csproj", "{AAED5A6F-7391-4EA8-BA54-1C2CC7585C92}"
EndProject
Project("{9A19103F-16F7-4668-BE54-9A1E7A4F7556}") = "API", "API\API.csproj", "{2FFDF514-1D63-4EC1-BFBA-7CF1D84A28E8}"
EndProject
Project("{FAE04EC0-301F-11D3-BF4B-00C04F79EFBC}") = "TestFunction", "TestFunction\TestFunction.csproj", "{3989BA4D-80AC-4780-B780-D7EFE90DF382}"
EndProject
Global
	GlobalSection(SolutionConfigurationPlatforms) = preSolution
		Debug|Any CPU = Debug|Any CPU
		Release|Any CPU = Release|Any CPU
	EndGlobalSection
	GlobalSection(ProjectConfigurationPlatforms) = postSolution
		{AAED5A6F-7391-4EA8-BA54-1C2CC7585C92}.Debug|Any CPU.ActiveCfg = Debug|Any CPU
		{AAED5A6F-7391-4EA8-BA54-1C2CC7585C92}.Debug|Any CPU.Build.0 = Debug|Any CPU
		{AAED5A6F-7391-4EA8-BA54-1C2CC7585C92}.Release|Any CPU.ActiveCfg = Release|Any CPU
		{AAED5A6F-7391-4EA8-BA54-1C2CC7585C92}.Release|Any CPU.Build.0 = Release|Any CPU
		{2FFDF514-1D63-4EC1-BFBA-7CF1D84A28E8}.Debug|Any CPU.ActiveCfg = Debug|Any CPU
		{2FFDF514-1D63-4EC1-BFBA-7CF1D84A28E8}.Debug|Any CPU.Build.0 = Debug|Any CPU
		{2FFDF514-1D63-4EC1-BFBA-7CF1D84A28E8}.Release|Any CPU.ActiveCfg = Release|Any CPU
		{2FFDF514-1D63-4EC1-BFBA-7CF1D84A28E8}.Release|Any CPU.Build.0 = Release|Any CPU
		{3989BA4D-80AC-4780-B780-D7EFE90DF382}.Debug|Any CPU.ActiveCfg = Debug|Any CPU
		{3989BA4D-80AC-4780-B780-D7EFE90DF382}.Debug|Any CPU.Build.0 = Debug|Any CPU
		{3989BA4D-80AC-4780-B780-D7EFE90DF382}.Release|Any CPU.ActiveCfg = Release|Any CPU
		{3989BA4D-80AC-4780-B780-D7EFE90DF382}.Release|Any CPU.Build.0 = Release|Any CPU
	EndGlobalSection
	GlobalSection(SolutionProperties) = preSolution
		HideSolutionNode = FALSE
	EndGlobalSection
	GlobalSection(ExtensibilityGlobals) = postSolution
		SolutionGuid = {EDC55E6B-4CCA-44E2-BD9E-C3B84231A54B}
	EndGlobalSection
EndGlobal
